
Microsoft Visual Studio Solution File, Format Version 12.00
# Visual Studio Version 16
VisualStudioVersion = 16.0.33130.400
MinimumVisualStudioVersion = 10.0.40219.1
Project("{FAE04EC0-301F-11D3-BF4B-00C04F79EFBC}") = "CipherStudio", "CipherStudio\CipherStudio.csproj", "{93087C3B-2D58-4F27-AE09-9B6EC3D3CBFD}"
EndProject
Global
	GlobalSection(SolutionConfigurationPlatforms) = preSolution
		Debug|Any CPU = Debug|Any CPU
		Release|Any CPU = Release|Any CPU
	EndGlobalSection
	GlobalSection(ProjectConfigurationPlatforms) = postSolution
		{93087C3B-2D58-4F27-AE09-9B6EC3D3CBFD}.Debug|Any CPU.ActiveCfg = Debug|Any CPU
		{93087C3B-2D58-4F27-AE09-9B6EC3D3CBFD}.Debug|Any CPU.Build.0 = Debug|Any CPU
		{93087C3B-2D58-4F27-AE09-9B6EC3D3CBFD}.Release|Any CPU.ActiveCfg = Release|Any CPU
		{93087C3B-2D58-4F27-AE09-9B6EC3D3CBFD}.Release|Any CPU.Build.0 = Release|Any CPU
	EndGlobalSection
	GlobalSection(SolutionProperties) = preSolution
		HideSolutionNode = FALSE
	EndGlobalSection
	GlobalSection(ExtensibilityGlobals) = postSolution
		SolutionGuid = {04043CA0-7D02-4C63-B5D5-865EF22E9311}
	EndGlobalSection
EndGlobal
